// !$*UTF8*$!
{
	archiveVersion = 1;
	classes = {
	};
	objectVersion = 50;
	objects = {

/* Begin PBXBuildFile section */
		16FD609A216CB87C009BE1E2 /* AppDelegate.swift in Sources */ = {isa = PBXBuildFile; fileRef = 16FD6099216CB87C009BE1E2 /* AppDelegate.swift */; };
		16FD609C216CB87C009BE1E2 /* ViewController.swift in Sources */ = {isa = PBXBuildFile; fileRef = 16FD609B216CB87C009BE1E2 /* ViewController.swift */; };
		16FD609F216CB87C009BE1E2 /* Main.storyboard in Resources */ = {isa = PBXBuildFile; fileRef = 16FD609D216CB87C009BE1E2 /* Main.storyboard */; };
		16FD60A2216CB87C009BE1E2 /* Tutorial_8_Q5.xcdatamodeld in Sources */ = {isa = PBXBuildFile; fileRef = 16FD60A0216CB87C009BE1E2 /* Tutorial_8_Q5.xcdatamodeld */; };
		16FD60A4216CB87D009BE1E2 /* Assets.xcassets in Resources */ = {isa = PBXBuildFile; fileRef = 16FD60A3216CB87D009BE1E2 /* Assets.xcassets */; };
		16FD60A7216CB87D009BE1E2 /* LaunchScreen.storyboard in Resources */ = {isa = PBXBuildFile; fileRef = 16FD60A5216CB87D009BE1E2 /* LaunchScreen.storyboard */; };
/* End PBXBuildFile section */

/* Begin PBXFileReference section */
		16FD6096216CB87C009BE1E2 /* Tutorial 8_Q5.app */ = {isa = PBXFileReference; explicitFileType = wrapper.application; includeInIndex = 0; path = "Tutorial 8_Q5.app"; sourceTree = BUILT_PRODUCTS_DIR; };
		16FD6099216CB87C009BE1E2 /* AppDelegate.swift */ = {isa = PBXFileReference; lastKnownFileType = sourcecode.swift; path = AppDelegate.swift; sourceTree = "<group>"; };
		16FD609B216CB87C009BE1E2 /* ViewController.swift */ = {isa = PBXFileReference; lastKnownFileType = sourcecode.swift; path = ViewController.swift; sourceTree = "<group>"; };
		16FD609E216CB87C009BE1E2 /* Base */ = {isa = PBXFileReference; lastKnownFileType = file.storyboard; name = Base; path = Base.lproj/Main.storyboard; sourceTree = "<group>"; };
		16FD60A1216CB87C009BE1E2 /* Tutorial_8_Q5.xcdatamodel */ = {isa = PBXFileReference; lastKnownFileType = wrapper.xcdatamodel; path = Tutorial_8_Q5.xcdatamodel; sourceTree = "<group>"; };
		16FD60A3216CB87D009BE1E2 /* Assets.xcassets */ = {isa = PBXFileReference; lastKnownFileType = folder.assetcatalog; path = Assets.xcassets; sourceTree = "<group>"; };
		16FD60A6216CB87D009BE1E2 /* Base */ = {isa = PBXFileReference; lastKnownFileType = file.storyboard; name = Base; path = Base.lproj/LaunchScreen.storyboard; sourceTree = "<group>"; };
		16FD60A8216CB87D009BE1E2 /* Info.plist */ = {isa = PBXFileReference; lastKnownFileType = text.plist.xml; path = Info.plist; sourceTree = "<group>"; };
/* End PBXFileReference section */

/* Begin PBXFrameworksBuildPhase section */
		16FD6093216CB87C009BE1E2 /* Frameworks */ = {
			isa = PBXFrameworksBuildPhase;
			buildActionMask = 2147483647;
			files = (
			);
			runOnlyForDeploymentPostprocessing = 0;
		};
/* End PBXFrameworksBuildPhase section */

/* Begin PBXGroup section */
		16FD608D216CB87C009BE1E2 = {
			isa = PBXGroup;
			children = (
				16FD6098216CB87C009BE1E2 /* Tutorial 8_Q5 */,
				16FD6097216CB87C009BE1E2 /* Products */,
			);
			sourceTree = "<group>";
		};
		16FD6097216CB87C009BE1E2 /* Products */ = {
			isa = PBXGroup;
			children = (
				16FD6096216CB87C009BE1E2 /* Tutorial 8_Q5.app */,
			);
			name = Products;
			sourceTree = "<group>";
		};
		16FD6098216CB87C009BE1E2 /* Tutorial 8_Q5 */ = {
			isa = PBXGroup;
			children = (
				16FD6099216CB87C009BE1E2 /* AppDelegate.swift */,
				16FD609B216CB87C009BE1E2 /* ViewController.swift */,
				16FD609D216CB87C009BE1E2 /* Main.storyboard */,
				16FD60A3216CB87D009BE1E2 /* Assets.xcassets */,
				16FD60A5216CB87D009BE1E2 /* LaunchScreen.storyboard */,
				16FD60A8216CB87D009BE1E2 /* Info.plist */,
				16FD60A0216CB87C009BE1E2 /* Tutorial_8_Q5.xcdatamodeld */,
			);
			path = "Tutorial 8_Q5";
			sourceTree = "<group>";
		};
/* End PBXGroup section */

/* Begin PBXNativeTarget section */
		16FD6095216CB87C009BE1E2 /* Tutorial 8_Q5 */ = {
			isa = PBXNativeTarget;
			buildConfigurationList = 16FD60AB216CB87D009BE1E2 /* Build configuration list for PBXNativeTarget "Tutorial 8_Q5" */;
			buildPhases = (
				16FD6092216CB87C009BE1E2 /* Sources */,
				16FD6093216CB87C009BE1E2 /* Frameworks */,
				16FD6094216CB87C009BE1E2 /* Resources */,
			);
			buildRules = (
			);
			dependencies = (
			);
			name = "Tutorial 8_Q5";
			productName = "Tutorial 8_Q5";
			productReference = 16FD6096216CB87C009BE1E2 /* Tutorial 8_Q5.app */;
			productType = "com.apple.product-type.application";
		};
/* End PBXNativeTarget section */

/* Begin PBXProject section */
		16FD608E216CB87C009BE1E2 /* Project object */ = {
			isa = PBXProject;
			attributes = {
				LastSwiftUpdateCheck = 1000;
				LastUpgradeCheck = 1000;
				ORGANIZATIONNAME = "Jeanette Lee";
				TargetAttributes = {
					16FD6095216CB87C009BE1E2 = {
						CreatedOnToolsVersion = 10.0;
					};
				};
			};
			buildConfigurationList = 16FD6091216CB87C009BE1E2 /* Build configuration list for PBXProject "Tutorial 8_Q5" */;
			compatibilityVersion = "Xcode 9.3";
			developmentRegion = en;
			hasScannedForEncodings = 0;
			knownRegions = (
				en,
				Base,
			);
			mainGroup = 16FD608D216CB87C009BE1E2;
			productRefGroup = 16FD6097216CB87C009BE1E2 /* Products */;
			projectDirPath = "";
			projectRoot = "";
			targets = (
				16FD6095216CB87C009BE1E2 /* Tutorial 8_Q5 */,
			);
		};
/* End PBXProject section */

/* Begin PBXResourcesBuildPhase section */
		16FD6094216CB87C009BE1E2 /* Resources */ = {
			isa = PBXResourcesBuildPhase;
			buildActionMask = 2147483647;
			files = (
				16FD60A7216CB87D009BE1E2 /* LaunchScreen.storyboard in Resources */,
				16FD60A4216CB87D009BE1E2 /* Assets.xcassets in Resources */,
				16FD609F216CB87C009BE1E2 /* Main.storyboard in Resources */,
			);
			runOnlyForDeploymentPostprocessing = 0;
		};
/* End PBXResourcesBuildPhase section */

/* Begin PBXSourcesBuildPhase section */
		16FD6092216CB87C009BE1E2 /* Sources */ = {
			isa = PBXSourcesBuildPhase;
			buildActionMask = 2147483647;
			files = (
				16FD609C216CB87C009BE1E2 /* ViewController.swift in Sources */,
				16FD60A2216CB87C009BE1E2 /* Tutorial_8_Q5.xcdatamodeld in Sources */,
				16FD609A216CB87C009BE1E2 /* AppDelegate.swift in Sources */,
			);
			runOnlyForDeploymentPostprocessing = 0;
		};
/* End PBXSourcesBuildPhase section */

/* Begin PBXVariantGroup section */
		16FD609D216CB87C009BE1E2 /* Main.storyboard */ = {
			isa = PBXVariantGroup;
			children = (
				16FD609E216CB87C009BE1E2 /* Base */,
			);
			name = Main.storyboard;
			sourceTree = "<group>";
		};
		16FD60A5216CB87D009BE1E2 /* LaunchScreen.storyboard */ = {
			isa = PBXVariantGroup;
			children = (
				16FD60A6216CB87D009BE1E2 /* Base */,
			);
			name = LaunchScreen.storyboard;
			sourceTree = "<group>";
		};
/* End PBXVariantGroup section */

/* Begin XCBuildConfiguration section */
		16FD60A9216CB87D009BE1E2 /* Debug */ = {
			isa = XCBuildConfiguration;
			buildSettings = {
				ALWAYS_SEARCH_USER_PATHS = NO;
				CLANG_ANALYZER_NONNULL = YES;
				CLANG_ANALYZER_NUMBER_OBJECT_CONVERSION = YES_AGGRESSIVE;
				CLANG_CXX_LANGUAGE_STANDARD = "gnu++14";
				CLANG_CXX_LIBRARY = "libc++";
				CLANG_ENABLE_MODULES = YES;
				CLANG_ENABLE_OBJC_ARC = YES;
				CLANG_ENABLE_OBJC_WEAK = YES;
				CLANG_WARN_BLOCK_CAPTURE_AUTORELEASING = YES;
				CLANG_WARN_BOOL_CONVERSION = YES;
				CLANG_WARN_COMMA = YES;
				CLANG_WARN_CONSTANT_CONVERSION = YES;
				CLANG_WARN_DEPRECATED_OBJC_IMPLEMENTATIONS = YES;
				CLANG_WARN_DIRECT_OBJC_ISA_USAGE = YES_ERROR;
				CLANG_WARN_DOCUMENTATION_COMMENTS = YES;
				CLANG_WARN_EMPTY_BODY = YES;
				CLANG_WARN_ENUM_CONVERSION = YES;
				CLANG_WARN_INFINITE_RECURSION = YES;
				CLANG_WARN_INT_CONVERSION = YES;
				CLANG_WARN_NON_LITERAL_NULL_CONVERSION = YES;
				CLANG_WARN_OBJC_IMPLICIT_RETAIN_SELF = YES;
				CLANG_WARN_OBJC_LITERAL_CONVERSION = YES;
				CLANG_WARN_OBJC_ROOT_CLASS = YES_ERROR;
				CLANG_WARN_RANGE_LOOP_ANALYSIS = YES;
				CLANG_WARN_STRICT_PROTOTYPES = YES;
				CLANG_WARN_SUSPICIOUS_MOVE = YES;
				CLANG_WARN_UNGUARDED_AVAILABILITY = YES_AGGRESSIVE;
				CLANG_WARN_UNREACHABLE_CODE = YES;
				CLANG_WARN__DUPLICATE_METHOD_MATCH = YES;
				CODE_SIGN_IDENTITY = "iPhone Developer";
				COPY_PHASE_STRIP = NO;
				DEBUG_INFORMATION_FORMAT = dwarf;
				ENABLE_STRICT_OBJC_MSGSEND = YES;
				ENABLE_TESTABILITY = YES;
				GCC_C_LANGUAGE_STANDARD = gnu11;
				GCC_DYNAMIC_NO_PIC = NO;
				GCC_NO_COMMON_BLOCKS = YES;
				GCC_OPTIMIZATION_LEVEL = 0;
				GCC_PREPROCESSOR_DEFINITIONS = (
					"DEBUG=1",
					"$(inherited)",
				);
				GCC_WARN_64_TO_32_BIT_CONVERSION = YES;
				GCC_WARN_ABOUT_RETURN_TYPE = YES_ERROR;
				GCC_WARN_UNDECLARED_SELECTOR = YES;
				GCC_WARN_UNINITIALIZED_AUTOS = YES_AGGRESSIVE;
				GCC_WARN_UNUSED_FUNCTION = YES;
				GCC_WARN_UNUSED_VARIABLE = YES;
				IPHONEOS_DEPLOYMENT_TARGET = 12.0;
				MTL_ENABLE_DEBUG_INFO = INCLUDE_SOURCE;
				MTL_FAST_MATH = YES;
				ONLY_ACTIVE_ARCH = YES;
				SDKROOT = iphoneos;
				SWIFT_ACTIVE_COMPILATION_CONDITIONS = DEBUG;
				SWIFT_OPTIMIZATION_LEVEL = "-Onone";
			};
			name = Debug;
		};
		16FD60AA216CB87D009BE1E2 /* Release */ = {
			isa = XCBuildConfiguration;
			buildSettings = {
				ALWAYS_SEARCH_USER_PATHS = NO;
				CLANG_ANALYZER_NONNULL = YES;
				CLANG_ANALYZER_NUMBER_OBJECT_CONVERSION = YES_AGGRESSIVE;
				CLANG_CXX_LANGUAGE_STANDARD = "gnu++14";
				CLANG_CXX_LIBRARY = "libc++";
				CLANG_ENABLE_MODULES = YES;
				CLANG_ENABLE_OBJC_ARC = YES;
				CLANG_ENABLE_OBJC_WEAK = YES;
				CLANG_WARN_BLOCK_CAPTURE_AUTORELEASING = YES;
				CLANG_WARN_BOOL_CONVERSION = YES;
				CLANG_WARN_COMMA = YES;
				CLANG_WARN_CONSTANT_CONVERSION = YES;
				CLANG_WARN_DEPRECATED_OBJC_IMPLEMENTATIONS = YES;
				CLANG_WARN_DIRECT_OBJC_ISA_USAGE = YES_ERROR;
				CLANG_WARN_DOCUMENTATION_COMMENTS = YES;
				CLANG_WARN_EMPTY_BODY = YES;
				CLANG_WARN_ENUM_CONVERSION = YES;
				CLANG_WARN_INFINITE_RECURSION = YES;
				CLANG_WARN_INT_CONVERSION = YES;
				CLANG_WARN_NON_LITERAL_NULL_CONVERSION = YES;
				CLANG_WARN_OBJC_IMPLICIT_RETAIN_SELF = YES;
				CLANG_WARN_OBJC_LITERAL_CONVERSION = YES;
				CLANG_WARN_OBJC_ROOT_CLASS = YES_ERROR;
				CLANG_WARN_RANGE_LOOP_ANALYSIS = YES;
				CLANG_WARN_STRICT_PROTOTYPES = YES;
				CLANG_WARN_SUSPICIOUS_MOVE = YES;
				CLANG_WARN_UNGUARDED_AVAILABILITY = YES_AGGRESSIVE;
				CLANG_WARN_UNREACHABLE_CODE = YES;
				CLANG_WARN__DUPLICATE_METHOD_MATCH = YES;
				CODE_SIGN_IDENTITY = "iPhone Developer";
				COPY_PHASE_STRIP = NO;
				DEBUG_INFORMATION_FORMAT = "dwarf-with-dsym";
				ENABLE_NS_ASSERTIONS = NO;
				ENABLE_STRICT_OBJC_MSGSEND = YES;
				GCC_C_LANGUAGE_STANDARD = gnu11;
				GCC_NO_COMMON_BLOCKS = YES;
				GCC_WARN_64_TO_32_BIT_CONVERSION = YES;
				GCC_WARN_ABOUT_RETURN_TYPE = YES_ERROR;
				GCC_WARN_UNDECLARED_SELECTOR = YES;
				GCC_WARN_UNINITIALIZED_AUTOS = YES_AGGRESSIVE;
				GCC_WARN_UNUSED_FUNCTION = YES;
				GCC_WARN_UNUSED_VARIABLE = YES;
				IPHONEOS_DEPLOYMENT_TARGET = 12.0;
				MTL_ENABLE_DEBUG_INFO = NO;
				MTL_FAST_MATH = YES;
				SDKROOT = iphoneos;
				SWIFT_COMPILATION_MODE = wholemodule;
				SWIFT_OPTIMIZATION_LEVEL = "-O";
				VALIDATE_PRODUCT = YES;
			};
			name = Release;
		};
		16FD60AC216CB87D009BE1E2 /* Debug */ = {
			isa = XCBuildConfiguration;
			buildSettings = {
				ASSETCATALOG_COMPILER_APPICON_NAME = AppIcon;
				CODE_SIGN_STYLE = Automatic;
				DEVELOPMENT_TEAM = ADJ3RHM7QF;
				INFOPLIST_FILE = "Tutorial 8_Q5/Info.plist";
				LD_RUNPATH_SEARCH_PATHS = (
					"$(inherited)",
					"@executable_path/Frameworks",
				);
				PRODUCT_BUNDLE_IDENTIFIER = "com.jeanettelee.Tutorial-8-Q5";
				PRODUCT_NAME = "$(TARGET_NAME)";
				SWIFT_VERSION = 4.2;
				TARGETED_DEVICE_FAMILY = "1,2";
			};
			name = Debug;
		};
		16FD60AD216CB87D009BE1E2 /* Release */ = {
			isa = XCBuildConfiguration;
			buildSettings = {
				ASSETCATALOG_COMPILER_APPICON_NAME = AppIcon;
				CODE_SIGN_STYLE = Automatic;
				DEVELOPMENT_TEAM = ADJ3RHM7QF;
				INFOPLIST_FILE = "Tutorial 8_Q5/Info.plist";
				LD_RUNPATH_SEARCH_PATHS = (
					"$(inherited)",
					"@executable_path/Frameworks",
				);
				PRODUCT_BUNDLE_IDENTIFIER = "com.jeanettelee.Tutorial-8-Q5";
				PRODUCT_NAME = "$(TARGET_NAME)";
				SWIFT_VERSION = 4.2;
				TARGETED_DEVICE_FAMILY = "1,2";
			};
			name = Release;
		};
/* End XCBuildConfiguration section */

/* Begin XCConfigurationList section */
		16FD6091216CB87C009BE1E2 /* Build configuration list for PBXProject "Tutorial 8_Q5" */ = {
			isa = XCConfigurationList;
			buildConfigurations = (
				16FD60A9216CB87D009BE1E2 /* Debug */,
				16FD60AA216CB87D009BE1E2 /* Release */,
			);
			defaultConfigurationIsVisible = 0;
			defaultConfigurationName = Release;
		};
		16FD60AB216CB87D009BE1E2 /* Build configuration list for PBXNativeTarget "Tutorial 8_Q5" */ = {
			isa = XCConfigurationList;
			buildConfigurations = (
				16FD60AC216CB87D009BE1E2 /* Debug */,
				16FD60AD216CB87D009BE1E2 /* Release */,
			);
			defaultConfigurationIsVisible = 0;
			defaultConfigurationName = Release;
		};
/* End XCConfigurationList section */

/* Begin XCVersionGroup section */
		16FD60A0216CB87C009BE1E2 /* Tutorial_8_Q5.xcdatamodeld */ = {
			isa = XCVersionGroup;
			children = (
				16FD60A1216CB87C009BE1E2 /* Tutorial_8_Q5.xcdatamodel */,
			);
			currentVersion = 16FD60A1216CB87C009BE1E2 /* Tutorial_8_Q5.xcdatamodel */;
			path = Tutorial_8_Q5.xcdatamodeld;
			sourceTree = "<group>";
			versionGroupType = wrapper.xcdatamodel;
		};
/* End XCVersionGroup section */
	};
	rootObject = 16FD608E216CB87C009BE1E2 /* Project object */;
}
